
Microsoft Visual Studio Solution File, Format Version 12.00
# Visual Studio 15
VisualStudioVersion = 15.0.27428.2027
MinimumVisualStudioVersion = 10.0.40219.1
Project("{FAE04EC0-301F-11D3-BF4B-00C04F79EFBC}") = "FuryTechs.FloatingActionButton.Android", "src\FuryTechs.FloatingActionButton.Android\FuryTechs.FloatingActionButton.Android.csproj", "{404ED6AB-C6B0-4D3C-B179-232B2F71E2DF}"
EndProject
Project("{FAE04EC0-301F-11D3-BF4B-00C04F79EFBC}") = "FuryTechs.FloatingActionButton", "src\FuryTechs.FloatingActionButton\FuryTechs.FloatingActionButton.csproj", "{EC35A877-2F65-45B9-AF38-0BA6B1C46A9D}"
EndProject
Project("{2150E333-8FDC-42A3-9474-1A3956D46DE8}") = "Solution Items", "Solution Items", "{10D16D2F-9900-42B9-9433-45D20B5FB81E}"
	ProjectSection(SolutionItems) = preProject
		build.cake = build.cake
		build.ps1 = build.ps1
		build.sh = build.sh
		src\SolutionInfo.cs = src\SolutionInfo.cs
	EndProjectSection
EndProject
Project("{2150E333-8FDC-42A3-9474-1A3956D46DE8}") = "Example", "Example", "{3BFD4FE2-26BF-4F92-A0EC-DDB1BC6E3DB5}"
EndProject
Project("{FAE04EC0-301F-11D3-BF4B-00C04F79EFBC}") = "FuryTechs.FloatingActionButton.Example.Android", "Example\FuryTechs.FloatingActionButton.Example.Android\FuryTechs.FloatingActionButton.Example.Android.csproj", "{CB51C63A-2270-4FFA-9A7B-180866E9ACF1}"
EndProject
Project("{FAE04EC0-301F-11D3-BF4B-00C04F79EFBC}") = "FuryTechs.FloatingActionButton.Example", "Example\FuryTechs.FloatingActionButton.Example\FuryTechs.FloatingActionButton.Example.csproj", "{EB562A32-83F4-49DA-B5B6-9D88ED112A93}"
EndProject
Project("{FAE04EC0-301F-11D3-BF4B-00C04F79EFBC}") = "FuryTechs.FloatingActionButton.Example.iOS", "Example\FuryTechs.FloatingActionButton.Example.iOS\FuryTechs.FloatingActionButton.Example.iOS.csproj", "{352F7511-FF4B-433D-B80B-CD76A7730F1B}"
EndProject
Project("{FAE04EC0-301F-11D3-BF4B-00C04F79EFBC}") = "FuryTechs.FloatingActionButton.iOS", "src\FuryTechs.FloatingActionButton.iOS\FuryTechs.FloatingActionButton.iOS.csproj", "{96EED8DC-5259-4CEE-9797-F706C1D6250D}"
EndProject
Global
	GlobalSection(SolutionConfigurationPlatforms) = preSolution
		Ad-Hoc|Any CPU = Ad-Hoc|Any CPU
		Ad-Hoc|iPhone = Ad-Hoc|iPhone
		Ad-Hoc|iPhoneSimulator = Ad-Hoc|iPhoneSimulator
		AppStore|Any CPU = AppStore|Any CPU
		AppStore|iPhone = AppStore|iPhone
		AppStore|iPhoneSimulator = AppStore|iPhoneSimulator
		Debug|Any CPU = Debug|Any CPU
		Debug|iPhone = Debug|iPhone
		Debug|iPhoneSimulator = Debug|iPhoneSimulator
		Release|Any CPU = Release|Any CPU
		Release|iPhone = Release|iPhone
		Release|iPhoneSimulator = Release|iPhoneSimulator
	EndGlobalSection
	GlobalSection(ProjectConfigurationPlatforms) = postSolution
		{404ED6AB-C6B0-4D3C-B179-232B2F71E2DF}.Ad-Hoc|Any CPU.ActiveCfg = Release|Any CPU
		{404ED6AB-C6B0-4D3C-B179-232B2F71E2DF}.Ad-Hoc|Any CPU.Build.0 = Release|Any CPU
		{404ED6AB-C6B0-4D3C-B179-232B2F71E2DF}.Ad-Hoc|Any CPU.Deploy.0 = Release|Any CPU
		{404ED6AB-C6B0-4D3C-B179-232B2F71E2DF}.Ad-Hoc|iPhone.ActiveCfg = Release|Any CPU
		{404ED6AB-C6B0-4D3C-B179-232B2F71E2DF}.Ad-Hoc|iPhone.Build.0 = Release|Any CPU
		{404ED6AB-C6B0-4D3C-B179-232B2F71E2DF}.Ad-Hoc|iPhone.Deploy.0 = Release|Any CPU
		{404ED6AB-C6B0-4D3C-B179-232B2F71E2DF}.Ad-Hoc|iPhoneSimulator.ActiveCfg = Release|Any CPU
		{404ED6AB-C6B0-4D3C-B179-232B2F71E2DF}.Ad-Hoc|iPhoneSimulator.Build.0 = Release|Any CPU
		{404ED6AB-C6B0-4D3C-B179-232B2F71E2DF}.Ad-Hoc|iPhoneSimulator.Deploy.0 = Release|Any CPU
		{404ED6AB-C6B0-4D3C-B179-232B2F71E2DF}.AppStore|Any CPU.ActiveCfg = Release|Any CPU
		{404ED6AB-C6B0-4D3C-B179-232B2F71E2DF}.AppStore|Any CPU.Build.0 = Release|Any CPU
		{404ED6AB-C6B0-4D3C-B179-232B2F71E2DF}.AppStore|Any CPU.Deploy.0 = Release|Any CPU
		{404ED6AB-C6B0-4D3C-B179-232B2F71E2DF}.AppStore|iPhone.ActiveCfg = Release|Any CPU
		{404ED6AB-C6B0-4D3C-B179-232B2F71E2DF}.AppStore|iPhone.Build.0 = Release|Any CPU
		{404ED6AB-C6B0-4D3C-B179-232B2F71E2DF}.AppStore|iPhone.Deploy.0 = Release|Any CPU
		{404ED6AB-C6B0-4D3C-B179-232B2F71E2DF}.AppStore|iPhoneSimulator.ActiveCfg = Release|Any CPU
		{404ED6AB-C6B0-4D3C-B179-232B2F71E2DF}.AppStore|iPhoneSimulator.Build.0 = Release|Any CPU
		{404ED6AB-C6B0-4D3C-B179-232B2F71E2DF}.AppStore|iPhoneSimulator.Deploy.0 = Release|Any CPU
		{404ED6AB-C6B0-4D3C-B179-232B2F71E2DF}.Debug|Any CPU.ActiveCfg = Debug|Any CPU
		{404ED6AB-C6B0-4D3C-B179-232B2F71E2DF}.Debug|Any CPU.Build.0 = Debug|Any CPU
		{404ED6AB-C6B0-4D3C-B179-232B2F71E2DF}.Debug|Any CPU.Deploy.0 = Debug|Any CPU
		{404ED6AB-C6B0-4D3C-B179-232B2F71E2DF}.Debug|iPhone.ActiveCfg = Debug|Any CPU
		{404ED6AB-C6B0-4D3C-B179-232B2F71E2DF}.Debug|iPhone.Build.0 = Debug|Any CPU
		{404ED6AB-C6B0-4D3C-B179-232B2F71E2DF}.Debug|iPhone.Deploy.0 = Debug|Any CPU
		{404ED6AB-C6B0-4D3C-B179-232B2F71E2DF}.Debug|iPhoneSimulator.ActiveCfg = Debug|Any CPU
		{404ED6AB-C6B0-4D3C-B179-232B2F71E2DF}.Debug|iPhoneSimulator.Build.0 = Debug|Any CPU
		{404ED6AB-C6B0-4D3C-B179-232B2F71E2DF}.Debug|iPhoneSimulator.Deploy.0 = Debug|Any CPU
		{404ED6AB-C6B0-4D3C-B179-232B2F71E2DF}.Release|Any CPU.ActiveCfg = Release|Any CPU
		{404ED6AB-C6B0-4D3C-B179-232B2F71E2DF}.Release|Any CPU.Build.0 = Release|Any CPU
		{404ED6AB-C6B0-4D3C-B179-232B2F71E2DF}.Release|Any CPU.Deploy.0 = Release|Any CPU
		{404ED6AB-C6B0-4D3C-B179-232B2F71E2DF}.Release|iPhone.ActiveCfg = Release|Any CPU
		{404ED6AB-C6B0-4D3C-B179-232B2F71E2DF}.Release|iPhone.Build.0 = Release|Any CPU
		{404ED6AB-C6B0-4D3C-B179-232B2F71E2DF}.Release|iPhone.Deploy.0 = Release|Any CPU
		{404ED6AB-C6B0-4D3C-B179-232B2F71E2DF}.Release|iPhoneSimulator.ActiveCfg = Release|Any CPU
		{404ED6AB-C6B0-4D3C-B179-232B2F71E2DF}.Release|iPhoneSimulator.Build.0 = Release|Any CPU
		{404ED6AB-C6B0-4D3C-B179-232B2F71E2DF}.Release|iPhoneSimulator.Deploy.0 = Release|Any CPU
		{EC35A877-2F65-45B9-AF38-0BA6B1C46A9D}.Ad-Hoc|Any CPU.ActiveCfg = Debug|Any CPU
		{EC35A877-2F65-45B9-AF38-0BA6B1C46A9D}.Ad-Hoc|Any CPU.Build.0 = Debug|Any CPU
		{EC35A877-2F65-45B9-AF38-0BA6B1C46A9D}.Ad-Hoc|iPhone.ActiveCfg = Debug|Any CPU
		{EC35A877-2F65-45B9-AF38-0BA6B1C46A9D}.Ad-Hoc|iPhone.Build.0 = Debug|Any CPU
		{EC35A877-2F65-45B9-AF38-0BA6B1C46A9D}.Ad-Hoc|iPhoneSimulator.ActiveCfg = Debug|Any CPU
		{EC35A877-2F65-45B9-AF38-0BA6B1C46A9D}.Ad-Hoc|iPhoneSimulator.Build.0 = Debug|Any CPU
		{EC35A877-2F65-45B9-AF38-0BA6B1C46A9D}.AppStore|Any CPU.ActiveCfg = Debug|Any CPU
		{EC35A877-2F65-45B9-AF38-0BA6B1C46A9D}.AppStore|Any CPU.Build.0 = Debug|Any CPU
		{EC35A877-2F65-45B9-AF38-0BA6B1C46A9D}.AppStore|iPhone.ActiveCfg = Debug|Any CPU
		{EC35A877-2F65-45B9-AF38-0BA6B1C46A9D}.AppStore|iPhone.Build.0 = Debug|Any CPU
		{EC35A877-2F65-45B9-AF38-0BA6B1C46A9D}.AppStore|iPhoneSimulator.ActiveCfg = Debug|Any CPU
		{EC35A877-2F65-45B9-AF38-0BA6B1C46A9D}.AppStore|iPhoneSimulator.Build.0 = Debug|Any CPU
		{EC35A877-2F65-45B9-AF38-0BA6B1C46A9D}.Debug|Any CPU.ActiveCfg = Debug|Any CPU
		{EC35A877-2F65-45B9-AF38-0BA6B1C46A9D}.Debug|Any CPU.Build.0 = Debug|Any CPU
		{EC35A877-2F65-45B9-AF38-0BA6B1C46A9D}.Debug|iPhone.ActiveCfg = Debug|Any CPU
		{EC35A877-2F65-45B9-AF38-0BA6B1C46A9D}.Debug|iPhone.Build.0 = Debug|Any CPU
		{EC35A877-2F65-45B9-AF38-0BA6B1C46A9D}.Debug|iPhoneSimulator.ActiveCfg = Debug|Any CPU
		{EC35A877-2F65-45B9-AF38-0BA6B1C46A9D}.Debug|iPhoneSimulator.Build.0 = Debug|Any CPU
		{EC35A877-2F65-45B9-AF38-0BA6B1C46A9D}.Release|Any CPU.ActiveCfg = Release|Any CPU
		{EC35A877-2F65-45B9-AF38-0BA6B1C46A9D}.Release|Any CPU.Build.0 = Release|Any CPU
		{EC35A877-2F65-45B9-AF38-0BA6B1C46A9D}.Release|iPhone.ActiveCfg = Release|Any CPU
		{EC35A877-2F65-45B9-AF38-0BA6B1C46A9D}.Release|iPhone.Build.0 = Release|Any CPU
		{EC35A877-2F65-45B9-AF38-0BA6B1C46A9D}.Release|iPhoneSimulator.ActiveCfg = Release|Any CPU
		{EC35A877-2F65-45B9-AF38-0BA6B1C46A9D}.Release|iPhoneSimulator.Build.0 = Release|Any CPU
		{CB51C63A-2270-4FFA-9A7B-180866E9ACF1}.Ad-Hoc|Any CPU.ActiveCfg = Release|Any CPU
		{CB51C63A-2270-4FFA-9A7B-180866E9ACF1}.Ad-Hoc|Any CPU.Build.0 = Release|Any CPU
		{CB51C63A-2270-4FFA-9A7B-180866E9ACF1}.Ad-Hoc|iPhone.ActiveCfg = Release|Any CPU
		{CB51C63A-2270-4FFA-9A7B-180866E9ACF1}.Ad-Hoc|iPhone.Build.0 = Release|Any CPU
		{CB51C63A-2270-4FFA-9A7B-180866E9ACF1}.Ad-Hoc|iPhoneSimulator.ActiveCfg = Release|Any CPU
		{CB51C63A-2270-4FFA-9A7B-180866E9ACF1}.Ad-Hoc|iPhoneSimulator.Build.0 = Release|Any CPU
		{CB51C63A-2270-4FFA-9A7B-180866E9ACF1}.AppStore|Any CPU.ActiveCfg = Release|Any CPU
		{CB51C63A-2270-4FFA-9A7B-180866E9ACF1}.AppStore|Any CPU.Build.0 = Release|Any CPU
		{CB51C63A-2270-4FFA-9A7B-180866E9ACF1}.AppStore|iPhone.ActiveCfg = Release|Any CPU
		{CB51C63A-2270-4FFA-9A7B-180866E9ACF1}.AppStore|iPhone.Build.0 = Release|Any CPU
		{CB51C63A-2270-4FFA-9A7B-180866E9ACF1}.AppStore|iPhoneSimulator.ActiveCfg = Release|Any CPU
		{CB51C63A-2270-4FFA-9A7B-180866E9ACF1}.AppStore|iPhoneSimulator.Build.0 = Release|Any CPU
		{CB51C63A-2270-4FFA-9A7B-180866E9ACF1}.Debug|Any CPU.ActiveCfg = Debug|Any CPU
		{CB51C63A-2270-4FFA-9A7B-180866E9ACF1}.Debug|Any CPU.Build.0 = Debug|Any CPU
		{CB51C63A-2270-4FFA-9A7B-180866E9ACF1}.Debug|Any CPU.Deploy.0 = Debug|Any CPU
		{CB51C63A-2270-4FFA-9A7B-180866E9ACF1}.Debug|iPhone.ActiveCfg = Debug|Any CPU
		{CB51C63A-2270-4FFA-9A7B-180866E9ACF1}.Debug|iPhone.Build.0 = Debug|Any CPU
		{CB51C63A-2270-4FFA-9A7B-180866E9ACF1}.Debug|iPhoneSimulator.ActiveCfg = Debug|Any CPU
		{CB51C63A-2270-4FFA-9A7B-180866E9ACF1}.Debug|iPhoneSimulator.Build.0 = Debug|Any CPU
		{CB51C63A-2270-4FFA-9A7B-180866E9ACF1}.Release|Any CPU.ActiveCfg = Release|Any CPU
		{CB51C63A-2270-4FFA-9A7B-180866E9ACF1}.Release|Any CPU.Build.0 = Release|Any CPU
		{CB51C63A-2270-4FFA-9A7B-180866E9ACF1}.Release|iPhone.ActiveCfg = Release|Any CPU
		{CB51C63A-2270-4FFA-9A7B-180866E9ACF1}.Release|iPhone.Build.0 = Release|Any CPU
		{CB51C63A-2270-4FFA-9A7B-180866E9ACF1}.Release|iPhoneSimulator.ActiveCfg = Release|Any CPU
		{CB51C63A-2270-4FFA-9A7B-180866E9ACF1}.Release|iPhoneSimulator.Build.0 = Release|Any CPU
		{EB562A32-83F4-49DA-B5B6-9D88ED112A93}.Ad-Hoc|Any CPU.ActiveCfg = Release|Any CPU
		{EB562A32-83F4-49DA-B5B6-9D88ED112A93}.Ad-Hoc|Any CPU.Build.0 = Release|Any CPU
		{EB562A32-83F4-49DA-B5B6-9D88ED112A93}.Ad-Hoc|iPhone.ActiveCfg = Release|Any CPU
		{EB562A32-83F4-49DA-B5B6-9D88ED112A93}.Ad-Hoc|iPhone.Build.0 = Release|Any CPU
		{EB562A32-83F4-49DA-B5B6-9D88ED112A93}.Ad-Hoc|iPhoneSimulator.ActiveCfg = Release|Any CPU
		{EB562A32-83F4-49DA-B5B6-9D88ED112A93}.Ad-Hoc|iPhoneSimulator.Build.0 = Release|Any CPU
		{EB562A32-83F4-49DA-B5B6-9D88ED112A93}.AppStore|Any CPU.ActiveCfg = Release|Any CPU
		{EB562A32-83F4-49DA-B5B6-9D88ED112A93}.AppStore|Any CPU.Build.0 = Release|Any CPU
		{EB562A32-83F4-49DA-B5B6-9D88ED112A93}.AppStore|iPhone.ActiveCfg = Release|Any CPU
		{EB562A32-83F4-49DA-B5B6-9D88ED112A93}.AppStore|iPhone.Build.0 = Release|Any CPU
		{EB562A32-83F4-49DA-B5B6-9D88ED112A93}.AppStore|iPhoneSimulator.ActiveCfg = Release|Any CPU
		{EB562A32-83F4-49DA-B5B6-9D88ED112A93}.AppStore|iPhoneSimulator.Build.0 = Release|Any CPU
		{EB562A32-83F4-49DA-B5B6-9D88ED112A93}.Debug|Any CPU.ActiveCfg = Debug|Any CPU
		{EB562A32-83F4-49DA-B5B6-9D88ED112A93}.Debug|Any CPU.Build.0 = Debug|Any CPU
		{EB562A32-83F4-49DA-B5B6-9D88ED112A93}.Debug|iPhone.ActiveCfg = Debug|Any CPU
		{EB562A32-83F4-49DA-B5B6-9D88ED112A93}.Debug|iPhone.Build.0 = Debug|Any CPU
		{EB562A32-83F4-49DA-B5B6-9D88ED112A93}.Debug|iPhoneSimulator.ActiveCfg = Debug|Any CPU
		{EB562A32-83F4-49DA-B5B6-9D88ED112A93}.Debug|iPhoneSimulator.Build.0 = Debug|Any CPU
		{EB562A32-83F4-49DA-B5B6-9D88ED112A93}.Release|Any CPU.ActiveCfg = Release|Any CPU
		{EB562A32-83F4-49DA-B5B6-9D88ED112A93}.Release|Any CPU.Build.0 = Release|Any CPU
		{EB562A32-83F4-49DA-B5B6-9D88ED112A93}.Release|iPhone.ActiveCfg = Release|Any CPU
		{EB562A32-83F4-49DA-B5B6-9D88ED112A93}.Release|iPhone.Build.0 = Release|Any CPU
		{EB562A32-83F4-49DA-B5B6-9D88ED112A93}.Release|iPhoneSimulator.ActiveCfg = Release|Any CPU
		{EB562A32-83F4-49DA-B5B6-9D88ED112A93}.Release|iPhoneSimulator.Build.0 = Release|Any CPU
		{352F7511-FF4B-433D-B80B-CD76A7730F1B}.Ad-Hoc|Any CPU.ActiveCfg = Ad-Hoc|iPhone
		{352F7511-FF4B-433D-B80B-CD76A7730F1B}.Ad-Hoc|Any CPU.Build.0 = Ad-Hoc|iPhone
		{352F7511-FF4B-433D-B80B-CD76A7730F1B}.Ad-Hoc|iPhone.ActiveCfg = Ad-Hoc|iPhone
		{352F7511-FF4B-433D-B80B-CD76A7730F1B}.Ad-Hoc|iPhone.Build.0 = Ad-Hoc|iPhone
		{352F7511-FF4B-433D-B80B-CD76A7730F1B}.Ad-Hoc|iPhoneSimulator.ActiveCfg = Debug|iPhoneSimulator
		{352F7511-FF4B-433D-B80B-CD76A7730F1B}.Ad-Hoc|iPhoneSimulator.Build.0 = Debug|iPhoneSimulator
		{352F7511-FF4B-433D-B80B-CD76A7730F1B}.AppStore|Any CPU.ActiveCfg = AppStore|iPhone
		{352F7511-FF4B-433D-B80B-CD76A7730F1B}.AppStore|Any CPU.Build.0 = AppStore|iPhone
		{352F7511-FF4B-433D-B80B-CD76A7730F1B}.AppStore|iPhone.ActiveCfg = AppStore|iPhone
		{352F7511-FF4B-433D-B80B-CD76A7730F1B}.AppStore|iPhone.Build.0 = AppStore|iPhone
		{352F7511-FF4B-433D-B80B-CD76A7730F1B}.AppStore|iPhoneSimulator.ActiveCfg = Debug|iPhoneSimulator
		{352F7511-FF4B-433D-B80B-CD76A7730F1B}.AppStore|iPhoneSimulator.Build.0 = Debug|iPhoneSimulator
		{352F7511-FF4B-433D-B80B-CD76A7730F1B}.Debug|Any CPU.ActiveCfg = Debug|iPhoneSimulator
		{352F7511-FF4B-433D-B80B-CD76A7730F1B}.Debug|Any CPU.Build.0 = Debug|iPhoneSimulator
		{352F7511-FF4B-433D-B80B-CD76A7730F1B}.Debug|iPhone.ActiveCfg = Debug|iPhone
		{352F7511-FF4B-433D-B80B-CD76A7730F1B}.Debug|iPhone.Build.0 = Debug|iPhone
		{352F7511-FF4B-433D-B80B-CD76A7730F1B}.Debug|iPhoneSimulator.ActiveCfg = Debug|iPhoneSimulator
		{352F7511-FF4B-433D-B80B-CD76A7730F1B}.Debug|iPhoneSimulator.Build.0 = Debug|iPhoneSimulator
		{352F7511-FF4B-433D-B80B-CD76A7730F1B}.Release|Any CPU.ActiveCfg = Release|iPhoneSimulator
		{352F7511-FF4B-433D-B80B-CD76A7730F1B}.Release|Any CPU.Build.0 = Release|iPhoneSimulator
		{352F7511-FF4B-433D-B80B-CD76A7730F1B}.Release|iPhone.ActiveCfg = Release|iPhone
		{352F7511-FF4B-433D-B80B-CD76A7730F1B}.Release|iPhone.Build.0 = Release|iPhone
		{352F7511-FF4B-433D-B80B-CD76A7730F1B}.Release|iPhoneSimulator.ActiveCfg = Release|iPhoneSimulator
		{352F7511-FF4B-433D-B80B-CD76A7730F1B}.Release|iPhoneSimulator.Build.0 = Release|iPhoneSimulator
		{96EED8DC-5259-4CEE-9797-F706C1D6250D}.Ad-Hoc|Any CPU.ActiveCfg = Ad-Hoc|iPhone
		{96EED8DC-5259-4CEE-9797-F706C1D6250D}.Ad-Hoc|iPhone.ActiveCfg = Ad-Hoc|iPhone
		{96EED8DC-5259-4CEE-9797-F706C1D6250D}.Ad-Hoc|iPhone.Build.0 = Ad-Hoc|iPhone
		{96EED8DC-5259-4CEE-9797-F706C1D6250D}.Ad-Hoc|iPhoneSimulator.ActiveCfg = Ad-Hoc|iPhoneSimulator
		{96EED8DC-5259-4CEE-9797-F706C1D6250D}.Ad-Hoc|iPhoneSimulator.Build.0 = Ad-Hoc|iPhoneSimulator
		{96EED8DC-5259-4CEE-9797-F706C1D6250D}.AppStore|Any CPU.ActiveCfg = AppStore|iPhone
		{96EED8DC-5259-4CEE-9797-F706C1D6250D}.AppStore|iPhone.ActiveCfg = AppStore|iPhone
		{96EED8DC-5259-4CEE-9797-F706C1D6250D}.AppStore|iPhone.Build.0 = AppStore|iPhone
		{96EED8DC-5259-4CEE-9797-F706C1D6250D}.AppStore|iPhoneSimulator.ActiveCfg = AppStore|iPhoneSimulator
		{96EED8DC-5259-4CEE-9797-F706C1D6250D}.AppStore|iPhoneSimulator.Build.0 = AppStore|iPhoneSimulator
		{96EED8DC-5259-4CEE-9797-F706C1D6250D}.Debug|Any CPU.ActiveCfg = Debug|iPhone
		{96EED8DC-5259-4CEE-9797-F706C1D6250D}.Debug|iPhone.ActiveCfg = Debug|iPhone
		{96EED8DC-5259-4CEE-9797-F706C1D6250D}.Debug|iPhone.Build.0 = Debug|iPhone
		{96EED8DC-5259-4CEE-9797-F706C1D6250D}.Debug|iPhoneSimulator.ActiveCfg = Debug|iPhoneSimulator
		{96EED8DC-5259-4CEE-9797-F706C1D6250D}.Debug|iPhoneSimulator.Build.0 = Debug|iPhoneSimulator
		{96EED8DC-5259-4CEE-9797-F706C1D6250D}.Release|Any CPU.ActiveCfg = Release|iPhone
		{96EED8DC-5259-4CEE-9797-F706C1D6250D}.Release|iPhone.ActiveCfg = Release|iPhone
		{96EED8DC-5259-4CEE-9797-F706C1D6250D}.Release|iPhone.Build.0 = Release|iPhone
		{96EED8DC-5259-4CEE-9797-F706C1D6250D}.Release|iPhoneSimulator.ActiveCfg = Release|iPhoneSimulator
		{96EED8DC-5259-4CEE-9797-F706C1D6250D}.Release|iPhoneSimulator.Build.0 = Release|iPhoneSimulator
	EndGlobalSection
	GlobalSection(SolutionProperties) = preSolution
		HideSolutionNode = FALSE
	EndGlobalSection
	GlobalSection(NestedProjects) = preSolution
		{CB51C63A-2270-4FFA-9A7B-180866E9ACF1} = {3BFD4FE2-26BF-4F92-A0EC-DDB1BC6E3DB5}
		{EB562A32-83F4-49DA-B5B6-9D88ED112A93} = {3BFD4FE2-26BF-4F92-A0EC-DDB1BC6E3DB5}
		{352F7511-FF4B-433D-B80B-CD76A7730F1B} = {3BFD4FE2-26BF-4F92-A0EC-DDB1BC6E3DB5}
	EndGlobalSection
	GlobalSection(ExtensibilityGlobals) = postSolution
		SolutionGuid = {03BB33D8-3107-45A8-9DB4-C3F63F46C5BE}
	EndGlobalSection
	GlobalSection(MonoDevelopProperties) = preSolution
		Policies = $0
		$0.VersionControlPolicy = $1
		$0.ChangeLogPolicy = $2
		$2.UpdateMode = Directory
		$0.TextStylePolicy = $3
		$3.FileWidth = 80
		$3.TabWidth = 2
		$3.TabsToSpaces = True
		$3.IndentWidth = 2
		$3.scope = text/plain
		$0.TextStylePolicy = $4
		$4.inheritsSet = null
		$4.scope = application/xml
		$0.XmlFormattingPolicy = $5
		$5.DefaultFormat = $6
		$6.AlignAttributes = True
		$6.WrapAttributes = True
		$5.scope = application/xml
	EndGlobalSection
EndGlobal
